
Microsoft Visual Studio Solution File, Format Version 12.00
# Visual Studio Version 17
VisualStudioVersion = 17.4.33213.308
MinimumVisualStudioVersion = 10.0.40219.1
Project("{9A19103F-16F7-4668-BE54-9A1E7A4F7556}") = "ConsoleApp1", "ConsoleApp1.csproj", "{129072AC-42D6-4AA6-84CB-8004333A3091}"
EndProject
Project("{FAE04EC0-301F-11D3-BF4B-00C04F79EFBC}") = "ConsoleApp2", "..\ConsoleApp2\ConsoleApp2.csproj", "{E44D7D1F-E72B-4530-AAB7-B53425FD8604}"
EndProject
Project("{FAE04EC0-301F-11D3-BF4B-00C04F79EFBC}") = "WindowsForms2", "..\WindowsForms2\WindowsForms2.csproj", "{63EECBEA-FB77-46FB-A1F9-8CEF498B3692}"
EndProject
Global
	GlobalSection(SolutionConfigurationPlatforms) = preSolution
		Debug|Any CPU = Debug|Any CPU
		Release|Any CPU = Release|Any CPU
	EndGlobalSection
	GlobalSection(ProjectConfigurationPlatforms) = postSolution
		{129072AC-42D6-4AA6-84CB-8004333A3091}.Debug|Any CPU.ActiveCfg = Debug|Any CPU
		{129072AC-42D6-4AA6-84CB-8004333A3091}.Debug|Any CPU.Build.0 = Debug|Any CPU
		{129072AC-42D6-4AA6-84CB-8004333A3091}.Release|Any CPU.ActiveCfg = Release|Any CPU
		{129072AC-42D6-4AA6-84CB-8004333A3091}.Release|Any CPU.Build.0 = Release|Any CPU
		{E44D7D1F-E72B-4530-AAB7-B53425FD8604}.Debug|Any CPU.ActiveCfg = Debug|Any CPU
		{E44D7D1F-E72B-4530-AAB7-B53425FD8604}.Debug|Any CPU.Build.0 = Debug|Any CPU
		{E44D7D1F-E72B-4530-AAB7-B53425FD8604}.Release|Any CPU.ActiveCfg = Release|Any CPU
		{E44D7D1F-E72B-4530-AAB7-B53425FD8604}.Release|Any CPU.Build.0 = Release|Any CPU
		{63EECBEA-FB77-46FB-A1F9-8CEF498B3692}.Debug|Any CPU.ActiveCfg = Debug|Any CPU
		{63EECBEA-FB77-46FB-A1F9-8CEF498B3692}.Debug|Any CPU.Build.0 = Debug|Any CPU
		{63EECBEA-FB77-46FB-A1F9-8CEF498B3692}.Release|Any CPU.ActiveCfg = Release|Any CPU
		{63EECBEA-FB77-46FB-A1F9-8CEF498B3692}.Release|Any CPU.Build.0 = Release|Any CPU
	EndGlobalSection
	GlobalSection(SolutionProperties) = preSolution
		HideSolutionNode = FALSE
	EndGlobalSection
	GlobalSection(ExtensibilityGlobals) = postSolution
		SolutionGuid = {3F54A7B6-ABF8-4336-818F-E65B77A118DC}
	EndGlobalSection
EndGlobal
